
Microsoft Visual Studio Solution File, Format Version 12.00
# Visual Studio Version 17
VisualStudioVersion = 17.11.35303.130
MinimumVisualStudioVersion = 10.0.40219.1
Project("{FAE04EC0-301F-11D3-BF4B-00C04F79EFBC}") = "Ed och Ken", "Ed och Ken.csproj", "{44D1464A-CF7C-43ED-9568-49BE3EB5A7D2}"
EndProject
Global
	GlobalSection(SolutionConfigurationPlatforms) = preSolution
		Debug|Any CPU = Debug|Any CPU
		Release|Any CPU = Release|Any CPU
	EndGlobalSection
	GlobalSection(ProjectConfigurationPlatforms) = postSolution
		{44D1464A-CF7C-43ED-9568-49BE3EB5A7D2}.Debug|Any CPU.ActiveCfg = Debug|Any CPU
		{44D1464A-CF7C-43ED-9568-49BE3EB5A7D2}.Debug|Any CPU.Build.0 = Debug|Any CPU
		{44D1464A-CF7C-43ED-9568-49BE3EB5A7D2}.Release|Any CPU.ActiveCfg = Release|Any CPU
		{44D1464A-CF7C-43ED-9568-49BE3EB5A7D2}.Release|Any CPU.Build.0 = Release|Any CPU
	EndGlobalSection
	GlobalSection(SolutionProperties) = preSolution
		HideSolutionNode = FALSE
	EndGlobalSection
	GlobalSection(ExtensibilityGlobals) = postSolution
		SolutionGuid = {56BC0160-C212-461C-BF2F-23572417C762}
	EndGlobalSection
EndGlobal
